// !$*UTF8*$!
{
	archiveVersion = 1;
	classes = {
	};
	objectVersion = 46;
	objects = {

/* Begin PBXBuildFile section */
		471A2A3F1E66D27900217BE4 /* AppDelegate.swift in Sources */ = {isa = PBXBuildFile; fileRef = 471A2A3E1E66D27900217BE4 /* AppDelegate.swift */; };
		471A2A441E66D27A00217BE4 /* Main.storyboard in Resources */ = {isa = PBXBuildFile; fileRef = 471A2A421E66D27A00217BE4 /* Main.storyboard */; };
		471A2A461E66D27A00217BE4 /* Assets.xcassets in Resources */ = {isa = PBXBuildFile; fileRef = 471A2A451E66D27A00217BE4 /* Assets.xcassets */; };
		471A2A491E66D27A00217BE4 /* LaunchScreen.storyboard in Resources */ = {isa = PBXBuildFile; fileRef = 471A2A471E66D27A00217BE4 /* LaunchScreen.storyboard */; };
		F1666FFE2AFA6FCC0077FADE /* DemoRewardedVideoAdDelegate.swift in Sources */ = {isa = PBXBuildFile; fileRef = F1666FF82AFA6FCC0077FADE /* DemoRewardedVideoAdDelegate.swift */; };
		F1666FFF2AFA6FCC0077FADE /* DemoImpressionDataDelegate.swift in Sources */ = {isa = PBXBuildFile; fileRef = F1666FF92AFA6FCC0077FADE /* DemoImpressionDataDelegate.swift */; };
		F16670002AFA6FCC0077FADE /* DemoInitializationDelegate.swift in Sources */ = {isa = PBXBuildFile; fileRef = F1666FFA2AFA6FCC0077FADE /* DemoInitializationDelegate.swift */; };
		F16670012AFA6FCC0077FADE /* DemoViewController.swift in Sources */ = {isa = PBXBuildFile; fileRef = F1666FFB2AFA6FCC0077FADE /* DemoViewController.swift */; };
		F16670022AFA6FCC0077FADE /* DemoBannerAdDelegate.swift in Sources */ = {isa = PBXBuildFile; fileRef = F1666FFC2AFA6FCC0077FADE /* DemoBannerAdDelegate.swift */; };
		F16670032AFA6FCC0077FADE /* DemoInterstitialAdDelegate.swift in Sources */ = {isa = PBXBuildFile; fileRef = F1666FFD2AFA6FCC0077FADE /* DemoInterstitialAdDelegate.swift */; };
		FC6F30119CA71BFB5602928C /* Pods_IronSourceSwiftDemoApp.framework in Frameworks */ = {isa = PBXBuildFile; fileRef = 8C2849ED84A55F7AFC2C8C9B /* Pods_IronSourceSwiftDemoApp.framework */; };
/* End PBXBuildFile section */

/* Begin PBXFileReference section */
		0486859A07471BFD76B41AFC /* Pods-IronSourceSwiftDemoApp.release.xcconfig */ = {isa = PBXFileReference; includeInIndex = 1; lastKnownFileType = text.xcconfig; name = "Pods-IronSourceSwiftDemoApp.release.xcconfig"; path = "Target Support Files/Pods-IronSourceSwiftDemoApp/Pods-IronSourceSwiftDemoApp.release.xcconfig"; sourceTree = "<group>"; };
		471A2A3B1E66D27900217BE4 /* IronSourceSwiftDemoApp.app */ = {isa = PBXFileReference; explicitFileType = wrapper.application; includeInIndex = 0; path = IronSourceSwiftDemoApp.app; sourceTree = BUILT_PRODUCTS_DIR; };
		471A2A3E1E66D27900217BE4 /* AppDelegate.swift */ = {isa = PBXFileReference; lastKnownFileType = sourcecode.swift; path = AppDelegate.swift; sourceTree = "<group>"; };
		471A2A431E66D27A00217BE4 /* Base */ = {isa = PBXFileReference; lastKnownFileType = file.storyboard; name = Base; path = Base.lproj/Main.storyboard; sourceTree = "<group>"; };
		471A2A451E66D27A00217BE4 /* Assets.xcassets */ = {isa = PBXFileReference; lastKnownFileType = folder.assetcatalog; path = Assets.xcassets; sourceTree = "<group>"; };
		471A2A481E66D27A00217BE4 /* Base */ = {isa = PBXFileReference; lastKnownFileType = file.storyboard; name = Base; path = Base.lproj/LaunchScreen.storyboard; sourceTree = "<group>"; };
		471A2A4A1E66D27A00217BE4 /* Info.plist */ = {isa = PBXFileReference; lastKnownFileType = text.plist.xml; path = Info.plist; sourceTree = "<group>"; };
		8C2849ED84A55F7AFC2C8C9B /* Pods_IronSourceSwiftDemoApp.framework */ = {isa = PBXFileReference; explicitFileType = wrapper.framework; includeInIndex = 0; path = Pods_IronSourceSwiftDemoApp.framework; sourceTree = BUILT_PRODUCTS_DIR; };
		B5111310BE6147BB80A95CF4 /* Pods-IronSourceSwiftDemoApp.debug.xcconfig */ = {isa = PBXFileReference; includeInIndex = 1; lastKnownFileType = text.xcconfig; name = "Pods-IronSourceSwiftDemoApp.debug.xcconfig"; path = "Target Support Files/Pods-IronSourceSwiftDemoApp/Pods-IronSourceSwiftDemoApp.debug.xcconfig"; sourceTree = "<group>"; };
		F1666FF82AFA6FCC0077FADE /* DemoRewardedVideoAdDelegate.swift */ = {isa = PBXFileReference; fileEncoding = 4; lastKnownFileType = sourcecode.swift; path = DemoRewardedVideoAdDelegate.swift; sourceTree = "<group>"; };
		F1666FF92AFA6FCC0077FADE /* DemoImpressionDataDelegate.swift */ = {isa = PBXFileReference; fileEncoding = 4; lastKnownFileType = sourcecode.swift; path = DemoImpressionDataDelegate.swift; sourceTree = "<group>"; };
		F1666FFA2AFA6FCC0077FADE /* DemoInitializationDelegate.swift */ = {isa = PBXFileReference; fileEncoding = 4; lastKnownFileType = sourcecode.swift; path = DemoInitializationDelegate.swift; sourceTree = "<group>"; };
		F1666FFB2AFA6FCC0077FADE /* DemoViewController.swift */ = {isa = PBXFileReference; fileEncoding = 4; lastKnownFileType = sourcecode.swift; path = DemoViewController.swift; sourceTree = "<group>"; };
		F1666FFC2AFA6FCC0077FADE /* DemoBannerAdDelegate.swift */ = {isa = PBXFileReference; fileEncoding = 4; lastKnownFileType = sourcecode.swift; path = DemoBannerAdDelegate.swift; sourceTree = "<group>"; };
		F1666FFD2AFA6FCC0077FADE /* DemoInterstitialAdDelegate.swift */ = {isa = PBXFileReference; fileEncoding = 4; lastKnownFileType = sourcecode.swift; path = DemoInterstitialAdDelegate.swift; sourceTree = "<group>"; };
/* End PBXFileReference section */

/* Begin PBXFrameworksBuildPhase section */
		471A2A381E66D27900217BE4 /* Frameworks */ = {
			isa = PBXFrameworksBuildPhase;
			buildActionMask = 2147483647;
			files = (
				FC6F30119CA71BFB5602928C /* Pods_IronSourceSwiftDemoApp.framework in Frameworks */,
			);
			runOnlyForDeploymentPostprocessing = 0;
		};
/* End PBXFrameworksBuildPhase section */

/* Begin PBXGroup section */
		471A2A321E66D27900217BE4 = {
			isa = PBXGroup;
			children = (
				471A2A3D1E66D27900217BE4 /* IronSourceSwiftDemoApp */,
				471A2A3C1E66D27900217BE4 /* Products */,
				E442F24393CE3EB636E90D07 /* Pods */,
				F0AFEE623213F9B180953967 /* Frameworks */,
			);
			sourceTree = "<group>";
		};
		471A2A3C1E66D27900217BE4 /* Products */ = {
			isa = PBXGroup;
			children = (
				471A2A3B1E66D27900217BE4 /* IronSourceSwiftDemoApp.app */,
			);
			name = Products;
			sourceTree = "<group>";
		};
		471A2A3D1E66D27900217BE4 /* IronSourceSwiftDemoApp */ = {
			isa = PBXGroup;
			children = (
				471A2A3E1E66D27900217BE4 /* AppDelegate.swift */,
				F1666FFB2AFA6FCC0077FADE /* DemoViewController.swift */,
				F1666FFA2AFA6FCC0077FADE /* DemoInitializationDelegate.swift */,
				F1666FF82AFA6FCC0077FADE /* DemoRewardedVideoAdDelegate.swift */,
				F1666FFD2AFA6FCC0077FADE /* DemoInterstitialAdDelegate.swift */,
				F1666FFC2AFA6FCC0077FADE /* DemoBannerAdDelegate.swift */,
				F1666FF92AFA6FCC0077FADE /* DemoImpressionDataDelegate.swift */,
				471A2A451E66D27A00217BE4 /* Assets.xcassets */,
				471A2A421E66D27A00217BE4 /* Main.storyboard */,
				471A2A471E66D27A00217BE4 /* LaunchScreen.storyboard */,
				471A2A4A1E66D27A00217BE4 /* Info.plist */,
			);
			path = IronSourceSwiftDemoApp;
			sourceTree = "<group>";
		};
		E442F24393CE3EB636E90D07 /* Pods */ = {
			isa = PBXGroup;
			children = (
				B5111310BE6147BB80A95CF4 /* Pods-IronSourceSwiftDemoApp.debug.xcconfig */,
				0486859A07471BFD76B41AFC /* Pods-IronSourceSwiftDemoApp.release.xcconfig */,
			);
			path = Pods;
			sourceTree = "<group>";
		};
		F0AFEE623213F9B180953967 /* Frameworks */ = {
			isa = PBXGroup;
			children = (
				8C2849ED84A55F7AFC2C8C9B /* Pods_IronSourceSwiftDemoApp.framework */,
			);
			name = Frameworks;
			sourceTree = "<group>";
		};
/* End PBXGroup section */

/* Begin PBXNativeTarget section */
		471A2A3A1E66D27900217BE4 /* IronSourceSwiftDemoApp */ = {
			isa = PBXNativeTarget;
			buildConfigurationList = 471A2A4D1E66D27A00217BE4 /* Build configuration list for PBXNativeTarget "IronSourceSwiftDemoApp" */;
			buildPhases = (
				9D12D4989CF6B2909693D100 /* [CP] Check Pods Manifest.lock */,
				471A2A371E66D27900217BE4 /* Sources */,
				471A2A381E66D27900217BE4 /* Frameworks */,
				471A2A391E66D27900217BE4 /* Resources */,
			);
			buildRules = (
			);
			dependencies = (
			);
			name = IronSourceSwiftDemoApp;
			productName = TestSwift;
			productReference = 471A2A3B1E66D27900217BE4 /* IronSourceSwiftDemoApp.app */;
			productType = "com.apple.product-type.application";
		};
/* End PBXNativeTarget section */

/* Begin PBXProject section */
		471A2A331E66D27900217BE4 /* Project object */ = {
			isa = PBXProject;
			attributes = {
				LastSwiftUpdateCheck = 0820;
				LastUpgradeCheck = 1140;
				ORGANIZATIONNAME = ironsrc;
				TargetAttributes = {
					471A2A3A1E66D27900217BE4 = {
						CreatedOnToolsVersion = 8.2.1;
						DevelopmentTeam = NLKYWCU5C3;
						LastSwiftMigration = 0820;
						ProvisioningStyle = Automatic;
					};
				};
			};
			buildConfigurationList = 471A2A361E66D27900217BE4 /* Build configuration list for PBXProject "IronSourceSwiftDemoApp" */;
			compatibilityVersion = "Xcode 3.2";
			developmentRegion = English;
			hasScannedForEncodings = 0;
			knownRegions = (
				English,
				en,
				Base,
			);
			mainGroup = 471A2A321E66D27900217BE4;
			productRefGroup = 471A2A3C1E66D27900217BE4 /* Products */;
			projectDirPath = "";
			projectRoot = "";
			targets = (
				471A2A3A1E66D27900217BE4 /* IronSourceSwiftDemoApp */,
			);
		};
/* End PBXProject section */

/* Begin PBXResourcesBuildPhase section */
		471A2A391E66D27900217BE4 /* Resources */ = {
			isa = PBXResourcesBuildPhase;
			buildActionMask = 2147483647;
			files = (
				471A2A491E66D27A00217BE4 /* LaunchScreen.storyboard in Resources */,
				471A2A461E66D27A00217BE4 /* Assets.xcassets in Resources */,
				471A2A441E66D27A00217BE4 /* Main.storyboard in Resources */,
			);
			runOnlyForDeploymentPostprocessing = 0;
		};
/* End PBXResourcesBuildPhase section */

/* Begin PBXShellScriptBuildPhase section */
		9D12D4989CF6B2909693D100 /* [CP] Check Pods Manifest.lock */ = {
			isa = PBXShellScriptBuildPhase;
			buildActionMask = 2147483647;
			files = (
			);
			inputFileListPaths = (
			);
			inputPaths = (
				"${PODS_PODFILE_DIR_PATH}/Podfile.lock",
				"${PODS_ROOT}/Manifest.lock",
			);
			name = "[CP] Check Pods Manifest.lock";
			outputFileListPaths = (
			);
			outputPaths = (
				"$(DERIVED_FILE_DIR)/Pods-IronSourceSwiftDemoApp-checkManifestLockResult.txt",
			);
			runOnlyForDeploymentPostprocessing = 0;
			shellPath = /bin/sh;
			shellScript = "diff \"${PODS_PODFILE_DIR_PATH}/Podfile.lock\" \"${PODS_ROOT}/Manifest.lock\" > /dev/null\nif [ $? != 0 ] ; then\n    # print error to STDERR\n    echo \"error: The sandbox is not in sync with the Podfile.lock. Run 'pod install' or update your CocoaPods installation.\" >&2\n    exit 1\nfi\n# This output is used by Xcode 'outputs' to avoid re-running this script phase.\necho \"SUCCESS\" > \"${SCRIPT_OUTPUT_FILE_0}\"\n";
			showEnvVarsInLog = 0;
		};
/* End PBXShellScriptBuildPhase section */

/* Begin PBXSourcesBuildPhase section */
		471A2A371E66D27900217BE4 /* Sources */ = {
			isa = PBXSourcesBuildPhase;
			buildActionMask = 2147483647;
			files = (
				F16670022AFA6FCC0077FADE /* DemoBannerAdDelegate.swift in Sources */,
				F1666FFE2AFA6FCC0077FADE /* DemoRewardedVideoAdDelegate.swift in Sources */,
				471A2A3F1E66D27900217BE4 /* AppDelegate.swift in Sources */,
				F16670002AFA6FCC0077FADE /* DemoInitializationDelegate.swift in Sources */,
				F1666FFF2AFA6FCC0077FADE /* DemoImpressionDataDelegate.swift in Sources */,
				F16670012AFA6FCC0077FADE /* DemoViewController.swift in Sources */,
				F16670032AFA6FCC0077FADE /* DemoInterstitialAdDelegate.swift in Sources */,
			);
			runOnlyForDeploymentPostprocessing = 0;
		};
/* End PBXSourcesBuildPhase section */

/* Begin PBXVariantGroup section */
		471A2A421E66D27A00217BE4 /* Main.storyboard */ = {
			isa = PBXVariantGroup;
			children = (
				471A2A431E66D27A00217BE4 /* Base */,
			);
			name = Main.storyboard;
			sourceTree = "<group>";
		};
		471A2A471E66D27A00217BE4 /* LaunchScreen.storyboard */ = {
			isa = PBXVariantGroup;
			children = (
				471A2A481E66D27A00217BE4 /* Base */,
			);
			name = LaunchScreen.storyboard;
			sourceTree = "<group>";
		};
/* End PBXVariantGroup section */

/* Begin XCBuildConfiguration section */
		471A2A4B1E66D27A00217BE4 /* Debug */ = {
			isa = XCBuildConfiguration;
			buildSettings = {
				ALWAYS_SEARCH_USER_PATHS = NO;
				CLANG_ANALYZER_LOCALIZABILITY_NONLOCALIZED = YES;
				CLANG_ANALYZER_NONNULL = YES;
				CLANG_CXX_LANGUAGE_STANDARD = "gnu++0x";
				CLANG_CXX_LIBRARY = "libc++";
				CLANG_ENABLE_MODULES = YES;
				CLANG_ENABLE_OBJC_ARC = YES;
				CLANG_WARN_BLOCK_CAPTURE_AUTORELEASING = YES;
				CLANG_WARN_BOOL_CONVERSION = YES;
				CLANG_WARN_COMMA = YES;
				CLANG_WARN_CONSTANT_CONVERSION = YES;
				CLANG_WARN_DEPRECATED_OBJC_IMPLEMENTATIONS = YES;
				CLANG_WARN_DIRECT_OBJC_ISA_USAGE = YES_ERROR;
				CLANG_WARN_DOCUMENTATION_COMMENTS = YES;
				CLANG_WARN_EMPTY_BODY = YES;
				CLANG_WARN_ENUM_CONVERSION = YES;
				CLANG_WARN_INFINITE_RECURSION = YES;
				CLANG_WARN_INT_CONVERSION = YES;
				CLANG_WARN_NON_LITERAL_NULL_CONVERSION = YES;
				CLANG_WARN_OBJC_IMPLICIT_RETAIN_SELF = YES;
				CLANG_WARN_OBJC_LITERAL_CONVERSION = YES;
				CLANG_WARN_OBJC_ROOT_CLASS = YES_ERROR;
				CLANG_WARN_RANGE_LOOP_ANALYSIS = YES;
				CLANG_WARN_STRICT_PROTOTYPES = YES;
				CLANG_WARN_SUSPICIOUS_MOVE = YES;
				CLANG_WARN_UNREACHABLE_CODE = YES;
				CLANG_WARN__DUPLICATE_METHOD_MATCH = YES;
				"CODE_SIGN_IDENTITY[sdk=iphoneos*]" = "iPhone Developer";
				COPY_PHASE_STRIP = NO;
				DEBUG_INFORMATION_FORMAT = dwarf;
				ENABLE_STRICT_OBJC_MSGSEND = YES;
				ENABLE_TESTABILITY = YES;
				GCC_C_LANGUAGE_STANDARD = gnu99;
				GCC_DYNAMIC_NO_PIC = NO;
				GCC_NO_COMMON_BLOCKS = YES;
				GCC_OPTIMIZATION_LEVEL = 0;
				GCC_PREPROCESSOR_DEFINITIONS = (
					"DEBUG=1",
					"$(inherited)",
				);
				GCC_WARN_64_TO_32_BIT_CONVERSION = YES;
				GCC_WARN_ABOUT_RETURN_TYPE = YES_ERROR;
				GCC_WARN_UNDECLARED_SELECTOR = YES;
				GCC_WARN_UNINITIALIZED_AUTOS = YES_AGGRESSIVE;
				GCC_WARN_UNUSED_FUNCTION = YES;
				GCC_WARN_UNUSED_VARIABLE = YES;
				IPHONEOS_DEPLOYMENT_TARGET = 12.0;
				MTL_ENABLE_DEBUG_INFO = YES;
				ONLY_ACTIVE_ARCH = YES;
				OTHER_LDFLAGS = "$(inherited)";
				SDKROOT = iphoneos;
				SWIFT_ACTIVE_COMPILATION_CONDITIONS = DEBUG;
				SWIFT_OPTIMIZATION_LEVEL = "-Onone";
			};
			name = Debug;
		};
		471A2A4C1E66D27A00217BE4 /* Release */ = {
			isa = XCBuildConfiguration;
			buildSettings = {
				ALWAYS_SEARCH_USER_PATHS = NO;
				CLANG_ANALYZER_LOCALIZABILITY_NONLOCALIZED = YES;
				CLANG_ANALYZER_NONNULL = YES;
				CLANG_CXX_LANGUAGE_STANDARD = "gnu++0x";
				CLANG_CXX_LIBRARY = "libc++";
				CLANG_ENABLE_MODULES = YES;
				CLANG_ENABLE_OBJC_ARC = YES;
				CLANG_WARN_BLOCK_CAPTURE_AUTORELEASING = YES;
				CLANG_WARN_BOOL_CONVERSION = YES;
				CLANG_WARN_COMMA = YES;
				CLANG_WARN_CONSTANT_CONVERSION = YES;
				CLANG_WARN_DEPRECATED_OBJC_IMPLEMENTATIONS = YES;
				CLANG_WARN_DIRECT_OBJC_ISA_USAGE = YES_ERROR;
				CLANG_WARN_DOCUMENTATION_COMMENTS = YES;
				CLANG_WARN_EMPTY_BODY = YES;
				CLANG_WARN_ENUM_CONVERSION = YES;
				CLANG_WARN_INFINITE_RECURSION = YES;
				CLANG_WARN_INT_CONVERSION = YES;
				CLANG_WARN_NON_LITERAL_NULL_CONVERSION = YES;
				CLANG_WARN_OBJC_IMPLICIT_RETAIN_SELF = YES;
				CLANG_WARN_OBJC_LITERAL_CONVERSION = YES;
				CLANG_WARN_OBJC_ROOT_CLASS = YES_ERROR;
				CLANG_WARN_RANGE_LOOP_ANALYSIS = YES;
				CLANG_WARN_STRICT_PROTOTYPES = YES;
				CLANG_WARN_SUSPICIOUS_MOVE = YES;
				CLANG_WARN_UNREACHABLE_CODE = YES;
				CLANG_WARN__DUPLICATE_METHOD_MATCH = YES;
				"CODE_SIGN_IDENTITY[sdk=iphoneos*]" = "iPhone Developer";
				COPY_PHASE_STRIP = NO;
				DEBUG_INFORMATION_FORMAT = "dwarf-with-dsym";
				ENABLE_NS_ASSERTIONS = NO;
				ENABLE_STRICT_OBJC_MSGSEND = YES;
				GCC_C_LANGUAGE_STANDARD = gnu99;
				GCC_NO_COMMON_BLOCKS = YES;
				GCC_WARN_64_TO_32_BIT_CONVERSION = YES;
				GCC_WARN_ABOUT_RETURN_TYPE = YES_ERROR;
				GCC_WARN_UNDECLARED_SELECTOR = YES;
				GCC_WARN_UNINITIALIZED_AUTOS = YES_AGGRESSIVE;
				GCC_WARN_UNUSED_FUNCTION = YES;
				GCC_WARN_UNUSED_VARIABLE = YES;
				IPHONEOS_DEPLOYMENT_TARGET = 12.0;
				MTL_ENABLE_DEBUG_INFO = NO;
				OTHER_LDFLAGS = "$(inherited)";
				SDKROOT = iphoneos;
				SWIFT_OPTIMIZATION_LEVEL = "-Owholemodule";
				VALIDATE_PRODUCT = YES;
			};
			name = Release;
		};
		471A2A4E1E66D27A00217BE4 /* Debug */ = {
			isa = XCBuildConfiguration;
			baseConfigurationReference = B5111310BE6147BB80A95CF4 /* Pods-IronSourceSwiftDemoApp.debug.xcconfig */;
			buildSettings = {
				ASSETCATALOG_COMPILER_APPICON_NAME = AppIcon;
				CLANG_ENABLE_MODULES = YES;
				DEVELOPMENT_TEAM = NLKYWCU5C3;
				FRAMEWORK_SEARCH_PATHS = "$(inherited)";
				INFOPLIST_FILE = "$(SRCROOT)/IronSourceSwiftDemoApp/Info.plist";
				LD_RUNPATH_SEARCH_PATHS = "$(inherited) @executable_path/Frameworks";
				OTHER_LDFLAGS = "$(inherited)";
				PRODUCT_BUNDLE_IDENTIFIER = "com.ironsrc.test-new";
				PRODUCT_NAME = "$(TARGET_NAME)";
				SWIFT_OBJC_BRIDGING_HEADER = "";
				SWIFT_OPTIMIZATION_LEVEL = "-Onone";
				SWIFT_VERSION = 5.0;
			};
			name = Debug;
		};
		471A2A4F1E66D27A00217BE4 /* Release */ = {
			isa = XCBuildConfiguration;
			baseConfigurationReference = 0486859A07471BFD76B41AFC /* Pods-IronSourceSwiftDemoApp.release.xcconfig */;
			buildSettings = {
				ASSETCATALOG_COMPILER_APPICON_NAME = AppIcon;
				CLANG_ENABLE_MODULES = YES;
				DEVELOPMENT_TEAM = NLKYWCU5C3;
				FRAMEWORK_SEARCH_PATHS = "$(inherited)";
				INFOPLIST_FILE = "$(SRCROOT)/IronSourceSwiftDemoApp/Info.plist";
				LD_RUNPATH_SEARCH_PATHS = "$(inherited) @executable_path/Frameworks";
				OTHER_LDFLAGS = "$(inherited)";
				PRODUCT_BUNDLE_IDENTIFIER = "com.ironsrc.test-new";
				PRODUCT_NAME = "$(TARGET_NAME)";
				SWIFT_OBJC_BRIDGING_HEADER = "";
				SWIFT_VERSION = 5.0;
			};
			name = Release;
		};
/* End XCBuildConfiguration section */

/* Begin XCConfigurationList section */
		471A2A361E66D27900217BE4 /* Build configuration list for PBXProject "IronSourceSwiftDemoApp" */ = {
			isa = XCConfigurationList;
			buildConfigurations = (
				471A2A4B1E66D27A00217BE4 /* Debug */,
				471A2A4C1E66D27A00217BE4 /* Release */,
			);
			defaultConfigurationIsVisible = 0;
			defaultConfigurationName = Release;
		};
		471A2A4D1E66D27A00217BE4 /* Build configuration list for PBXNativeTarget "IronSourceSwiftDemoApp" */ = {
			isa = XCConfigurationList;
			buildConfigurations = (
				471A2A4E1E66D27A00217BE4 /* Debug */,
				471A2A4F1E66D27A00217BE4 /* Release */,
			);
			defaultConfigurationIsVisible = 0;
			defaultConfigurationName = Release;
		};
/* End XCConfigurationList section */
	};
	rootObject = 471A2A331E66D27900217BE4 /* Project object */;
}
